# This file is automatically @generated by Cargo.
# It is not intended for manual editing.
[[package]]
name = "anyhow"
version = "1.0.32"
source = "registry+https://github.com/rust-lang/crates.io-index"

[[package]]
name = "leb128"
version = "0.2.4"
source = "registry+https://github.com/rust-lang/crates.io-index"

[[package]]
name = "wasmeval"
version = "0.1.2"
dependencies = [
 "anyhow 1.0.32 (registry+https://github.com/rust-lang/crates.io-index)",
 "wasmparser 0.62.0 (registry+https://github.com/rust-lang/crates.io-index)",
 "wast 23.0.0 (registry+https://github.com/rust-lang/crates.io-index)",
]

[[package]]
name = "wasmparser"
version = "0.62.0"
source = "registry+https://github.com/rust-lang/crates.io-index"

[[package]]
name = "wast"
version = "23.0.0"
source = "registry+https://github.com/rust-lang/crates.io-index"
dependencies = [
 "leb128 0.2.4 (registry+https://github.com/rust-lang/crates.io-index)",
]

[metadata]
"checksum anyhow 1.0.32 (registry+https://github.com/rust-lang/crates.io-index)" = "6b602bfe940d21c130f3895acd65221e8a61270debe89d628b9cb4e3ccb8569b"
"checksum leb128 0.2.4 (registry+https://github.com/rust-lang/crates.io-index)" = "3576a87f2ba00f6f106fdfcd16db1d698d648a26ad8e0573cad8537c3c362d2a"
"checksum wasmparser 0.62.0 (registry+https://github.com/rust-lang/crates.io-index)" = "e36b5b8441a5d83ea606c9eb904a3ee3889ebfeda1df1a5c48b84725239d93ce"
"checksum wast 23.0.0 (registry+https://github.com/rust-lang/crates.io-index)" = "26b080a48623c1b15193eac2e28c7b8d0e6b2e1c6c67ed46ddcd86063e78e504"
